
Microsoft Visual Studio Solution File, Format Version 12.00
# Visual Studio Version 17
VisualStudioVersion = 17.1.32328.378
MinimumVisualStudioVersion = 10.0.40219.1
Project("{FAE04EC0-301F-11D3-BF4B-00C04F79EFBC}") = "PlanApi", "PlanApi.csproj", "{10168496-D668-4CF0-A5D3-AD4D6D132F77}"
EndProject
Global
	GlobalSection(SolutionConfigurationPlatforms) = preSolution
		Debug|Any CPU = Debug|Any CPU
		Release|Any CPU = Release|Any CPU
	EndGlobalSection
	GlobalSection(ProjectConfigurationPlatforms) = postSolution
		{10168496-D668-4CF0-A5D3-AD4D6D132F77}.Debug|Any CPU.ActiveCfg = Debug|Any CPU
		{10168496-D668-4CF0-A5D3-AD4D6D132F77}.Debug|Any CPU.Build.0 = Debug|Any CPU
		{10168496-D668-4CF0-A5D3-AD4D6D132F77}.Release|Any CPU.ActiveCfg = Release|Any CPU
		{10168496-D668-4CF0-A5D3-AD4D6D132F77}.Release|Any CPU.Build.0 = Release|Any CPU
	EndGlobalSection
	GlobalSection(SolutionProperties) = preSolution
		HideSolutionNode = FALSE
	EndGlobalSection
	GlobalSection(ExtensibilityGlobals) = postSolution
		SolutionGuid = {225C57DE-FF2E-4EF5-A2B6-65693DF04127}
	EndGlobalSection
EndGlobal
